
Microsoft Visual Studio Solution File, Format Version 12.00
# Visual Studio Version 17
VisualStudioVersion = 17.3.32929.385
MinimumVisualStudioVersion = 10.0.40219.1
Project("{FAE04EC0-301F-11D3-BF4B-00C04F79EFBC}") = "EventExample3", "EventExample3\EventExample3.csproj", "{E39B4794-ED63-4ECC-B760-055E61102880}"
EndProject
Global
	GlobalSection(SolutionConfigurationPlatforms) = preSolution
		Debug|Any CPU = Debug|Any CPU
		Release|Any CPU = Release|Any CPU
	EndGlobalSection
	GlobalSection(ProjectConfigurationPlatforms) = postSolution
		{E39B4794-ED63-4ECC-B760-055E61102880}.Debug|Any CPU.ActiveCfg = Debug|Any CPU
		{E39B4794-ED63-4ECC-B760-055E61102880}.Debug|Any CPU.Build.0 = Debug|Any CPU
		{E39B4794-ED63-4ECC-B760-055E61102880}.Release|Any CPU.ActiveCfg = Release|Any CPU
		{E39B4794-ED63-4ECC-B760-055E61102880}.Release|Any CPU.Build.0 = Release|Any CPU
	EndGlobalSection
	GlobalSection(SolutionProperties) = preSolution
		HideSolutionNode = FALSE
	EndGlobalSection
	GlobalSection(ExtensibilityGlobals) = postSolution
		SolutionGuid = {B8DF4729-F9B0-4B60-AC5D-C04660E7E590}
	EndGlobalSection
EndGlobal
